github.com/papapeach/tf-demo-parser v0.0.1 h1:Ektxlxu1V1AprznlHq5GTtGQNjS0/aAygiExhtJN/bg=
github.com/papapeach/tf-demo-parser v0.0.1/go.mod h1:08qVsoFFyloNFItPolbnA38eg3rHcnmkjyz5kXbsVk0=
github.com/pektezol/bitreader v1.4.3 h1:+WjsD6qOAaI6Q1jOOlEJcnaEso8vPMKRZnnaDnZhTSg=
github.com/pektezol/bitreader v1.4.3/go.mod h1:xBQEsQpOf8B5yPrnOTkirZGyVUV6Bqp0ups2RIlTskk=
