github.com/go-ole/go-ole v1.2.6 h1:/Fpf6oFPoeFik9ty7siob0G6Ke8QvQEuVcuChpwXzpY=
github.com/go-ole/go-ole v1.2.6/go.mod h1:pprOEPIfldk/42T2oK7lQ4v4JSDwmV0As9GaiUsvbm0=
github.com/jxeng/shortcut v1.0.2 h1:nYVmn22NjzfJewPX9uC8zwHoc4gZotpfX+7HgLRDaKQ=
github.com/jxeng/shortcut v1.0.2/go.mod h1:3J/BiW+ER+vTzzg1anfOoYyMKXQH3R5xzlnjaaGH7qs=
github.com/klauspost/compress v1.18.2 h1:iiPHWW0YrcFgpBYhsA6D1+fqHssJscY/Tm/y2Uqnapk=
github.com/klauspost/compress v1.18.2/go.mod h1:R0h/fSBs8DE4ENlcrlib3PsXS61voFxhIs2DeRhCvJ4=
github.com/papapeach/tf-demo-parser v0.0.1 h1:Ektxlxu1V1AprznlHq5GTtGQNjS0/aAygiExhtJN/bg=
github.com/papapeach/tf-demo-parser v0.0.1/go.mod h1:08qVsoFFyloNFItPolbnA38eg3rHcnmkjyz5kXbsVk0=
github.com/pektezol/bitreader v1.4.3 h1:+WjsD6qOAaI6Q1jOOlEJcnaEso8vPMKRZnnaDnZhTSg=
github.com/pektezol/bitreader v1.4.3/go.mod h1:xBQEsQpOf8B5yPrnOTkirZGyVUV6Bqp0ups2RIlTskk=
golang.org/x/sys v0.0.0-20190916202348-b4ddaad3f8a3 h1:7TYNF4UdlohbFwpNH04CoPMp1cHUZgO1Ebq5r2hIjfo=
golang.org/x/sys v0.0.0-20190916202348-b4ddaad3f8a3/go.mod h1:h1NjWce9XRLGQEsW7wpKNCjG9DtNlClVuFLEZdDNbEs=
